<?xml version="1.0" encoding="utf-8"?>
<Project ToolsVersion="4.0" xmlns="http://schemas.microsoft.com/developer/msbuild/2003">
  <ItemGroup>
    <Filter Include="Fichiers sources">
      <UniqueIdentifier>{4FC737F1-C7A5-4376-A066-2A32D752A2FF}</UniqueIdentifier>
      <Extensions>cpp;c;cc;cxx;def;odl;idl;hpj;bat;asm;asmx</Extensions>
    </Filter>
    <Filter Include="Fichiers d%27en-tête">
      <UniqueIdentifier>{93995380-89BD-4b04-88EB-625FBE52EBFB}</UniqueIdentifier>
      <Extensions>h;hh;hpp;hxx;hm;inl;inc;xsd</Extensions>
    </Filter>
    <Filter Include="Fichiers de ressources">
      <UniqueIdentifier>{67DA6AB6-F800-4c08-8B7A-83BB121AAD01}</UniqueIdentifier>
      <Extensions>rc;ico;cur;bmp;dlg;rc2;rct;bin;rgs;gif;jpg;jpeg;jpe;resx;tiff;tif;png;wav;mfcribbon-ms</Extensions>
    </Filter>
    <Filter Include="Fichiers sources\Scores">
      <UniqueIdentifier>{6d46280c-da53-470c-bcc7-b8d9989e6fc9}</UniqueIdentifier>
    </Filter>
  </ItemGroup>
  <ItemGroup>
    <ClCompile Include="Init.cpp">
      <Filter>Fichiers sources</Filter>
    </ClCompile>
    <ClCompile Include="Source.cpp">
      <Filter>Fichiers sources</Filter>
    </ClCompile>
    <ClCompile Include="Affichage.cpp">
      <Filter>Fichiers sources</Filter>
    </ClCompile>
    <ClCompile Include="Commandes_Calculs.cpp">
      <Filter>Fichiers sources</Filter>
    </ClCompile>
    <ClCompile Include="Fichiers.cpp">
      <Filter>Fichiers sources</Filter>
    </ClCompile>
  </ItemGroup>
  <ItemGroup>
    <ClInclude Include="Init.h">
      <Filter>Fichiers sources</Filter>
    </ClInclude>
    <ClInclude Include="Source.h">
      <Filter>Fichiers sources</Filter>
    </ClInclude>
    <ClInclude Include="Affichage.h">
      <Filter>Fichiers sources</Filter>
    </ClInclude>
    <ClInclude Include="Commandes_Calculs.h">
      <Filter>Fichiers sources</Filter>
    </ClInclude>
    <ClInclude Include="Fichiers.h">
      <Filter>Fichiers sources</Filter>
    </ClInclude>
  </ItemGroup>
  <ItemGroup>
    <Text Include="Scores\score_niveau2.txt">
      <Filter>Fichiers sources\Scores</Filter>
    </Text>
    <Text Include="Scores\score_niveau3.txt">
      <Filter>Fichiers sources\Scores</Filter>
    </Text>
    <Text Include="Scores\score_niveau1.txt">
      <Filter>Fichiers sources\Scores</Filter>
    </Text>
  </ItemGroup>
</Project>